
Microsoft Visual Studio Solution File, Format Version 12.00
# Visual Studio Version 17
VisualStudioVersion = 17.3.32929.385
MinimumVisualStudioVersion = 10.0.40219.1
Project("{FAE04EC0-301F-11D3-BF4B-00C04F79EFBC}") = "LAB17WPF", "LAB17WPF\LAB17WPF.csproj", "{1A1D4469-72CC-446D-A579-8BB6D0A0850F}"
EndProject
Global
	GlobalSection(SolutionConfigurationPlatforms) = preSolution
		Debug|Any CPU = Debug|Any CPU
		Release|Any CPU = Release|Any CPU
	EndGlobalSection
	GlobalSection(ProjectConfigurationPlatforms) = postSolution
		{1A1D4469-72CC-446D-A579-8BB6D0A0850F}.Debug|Any CPU.ActiveCfg = Debug|Any CPU
		{1A1D4469-72CC-446D-A579-8BB6D0A0850F}.Debug|Any CPU.Build.0 = Debug|Any CPU
		{1A1D4469-72CC-446D-A579-8BB6D0A0850F}.Release|Any CPU.ActiveCfg = Release|Any CPU
		{1A1D4469-72CC-446D-A579-8BB6D0A0850F}.Release|Any CPU.Build.0 = Release|Any CPU
	EndGlobalSection
	GlobalSection(SolutionProperties) = preSolution
		HideSolutionNode = FALSE
	EndGlobalSection
	GlobalSection(ExtensibilityGlobals) = postSolution
		SolutionGuid = {B772C9EA-F680-4D6B-82C5-BCED7A4241C2}
	EndGlobalSection
EndGlobal
